// !$*UTF8*$!
{
	archiveVersion = 1;
	classes = {
	};
	objectVersion = 46;
	objects = {

/* Begin PBXBuildFile section */
		59FD83651E3FDF3600366124 /* AppDelegate.swift in Sources */ = {isa = PBXBuildFile; fileRef = 59FD83641E3FDF3600366124 /* AppDelegate.swift */; };
		59FD83671E3FDF3600366124 /* ViewController.swift in Sources */ = {isa = PBXBuildFile; fileRef = 59FD83661E3FDF3600366124 /* ViewController.swift */; };
		59FD836A1E3FDF3600366124 /* Main.storyboard in Resources */ = {isa = PBXBuildFile; fileRef = 59FD83681E3FDF3600366124 /* Main.storyboard */; };
		59FD836C1E3FDF3600366124 /* Assets.xcassets in Resources */ = {isa = PBXBuildFile; fileRef = 59FD836B1E3FDF3600366124 /* Assets.xcassets */; };
		59FD836F1E3FDF3600366124 /* LaunchScreen.storyboard in Resources */ = {isa = PBXBuildFile; fileRef = 59FD836D1E3FDF3600366124 /* LaunchScreen.storyboard */; };
		59FD83771E3FE22300366124 /* kitty.jpg in Resources */ = {isa = PBXBuildFile; fileRef = 59FD83761E3FE22300366124 /* kitty.jpg */; };
/* End PBXBuildFile section */

/* Begin PBXFileReference section */
		59FD83611E3FDF3600366124 /* CatYears.app */ = {isa = PBXFileReference; explicitFileType = wrapper.application; includeInIndex = 0; path = CatYears.app; sourceTree = BUILT_PRODUCTS_DIR; };
		59FD83641E3FDF3600366124 /* AppDelegate.swift */ = {isa = PBXFileReference; lastKnownFileType = sourcecode.swift; path = AppDelegate.swift; sourceTree = "<group>"; };
		59FD83661E3FDF3600366124 /* ViewController.swift */ = {isa = PBXFileReference; lastKnownFileType = sourcecode.swift; path = ViewController.swift; sourceTree = "<group>"; };
		59FD83691E3FDF3600366124 /* Base */ = {isa = PBXFileReference; lastKnownFileType = file.storyboard; name = Base; path = Base.lproj/Main.storyboard; sourceTree = "<group>"; };
		59FD836B1E3FDF3600366124 /* Assets.xcassets */ = {isa = PBXFileReference; lastKnownFileType = folder.assetcatalog; path = Assets.xcassets; sourceTree = "<group>"; };
		59FD836E1E3FDF3600366124 /* Base */ = {isa = PBXFileReference; lastKnownFileType = file.storyboard; name = Base; path = Base.lproj/LaunchScreen.storyboard; sourceTree = "<group>"; };
		59FD83701E3FDF3600366124 /* Info.plist */ = {isa = PBXFileReference; lastKnownFileType = text.plist.xml; path = Info.plist; sourceTree = "<group>"; };
		59FD83761E3FE22300366124 /* kitty.jpg */ = {isa = PBXFileReference; lastKnownFileType = image.jpeg; name = kitty.jpg; path = ../../../kitty.jpg; sourceTree = "<group>"; };
/* End PBXFileReference section */

/* Begin PBXFrameworksBuildPhase section */
		59FD835E1E3FDF3600366124 /* Frameworks */ = {
			isa = PBXFrameworksBuildPhase;
			buildActionMask = 2147483647;
			files = (
			);
			runOnlyForDeploymentPostprocessing = 0;
		};
/* End PBXFrameworksBuildPhase section */

/* Begin PBXGroup section */
		59FD83581E3FDF3600366124 = {
			isa = PBXGroup;
			children = (
				59FD83631E3FDF3600366124 /* CatYears */,
				59FD83621E3FDF3600366124 /* Products */,
			);
			sourceTree = "<group>";
		};
		59FD83621E3FDF3600366124 /* Products */ = {
			isa = PBXGroup;
			children = (
				59FD83611E3FDF3600366124 /* CatYears.app */,
			);
			name = Products;
			sourceTree = "<group>";
		};
		59FD83631E3FDF3600366124 /* CatYears */ = {
			isa = PBXGroup;
			children = (
				59FD83641E3FDF3600366124 /* AppDelegate.swift */,
				59FD83661E3FDF3600366124 /* ViewController.swift */,
				59FD83681E3FDF3600366124 /* Main.storyboard */,
				59FD83761E3FE22300366124 /* kitty.jpg */,
				59FD836B1E3FDF3600366124 /* Assets.xcassets */,
				59FD836D1E3FDF3600366124 /* LaunchScreen.storyboard */,
				59FD83701E3FDF3600366124 /* Info.plist */,
			);
			path = CatYears;
			sourceTree = "<group>";
		};
/* End PBXGroup section */

/* Begin PBXNativeTarget section */
		59FD83601E3FDF3600366124 /* CatYears */ = {
			isa = PBXNativeTarget;
			buildConfigurationList = 59FD83731E3FDF3600366124 /* Build configuration list for PBXNativeTarget "CatYears" */;
			buildPhases = (
				59FD835D1E3FDF3600366124 /* Sources */,
				59FD835E1E3FDF3600366124 /* Frameworks */,
				59FD835F1E3FDF3600366124 /* Resources */,
			);
			buildRules = (
			);
			dependencies = (
			);
			name = CatYears;
			productName = CatYears;
			productReference = 59FD83611E3FDF3600366124 /* CatYears.app */;
			productType = "com.apple.product-type.application";
		};
/* End PBXNativeTarget section */

/* Begin PBXProject section */
		59FD83591E3FDF3600366124 /* Project object */ = {
			isa = PBXProject;
			attributes = {
				LastSwiftUpdateCheck = 0810;
				LastUpgradeCheck = 0810;
				ORGANIZATIONNAME = "Victoria A Moser";
				TargetAttributes = {
					59FD83601E3FDF3600366124 = {
						CreatedOnToolsVersion = 8.1;
						ProvisioningStyle = Automatic;
					};
				};
			};
			buildConfigurationList = 59FD835C1E3FDF3600366124 /* Build configuration list for PBXProject "CatYears" */;
			compatibilityVersion = "Xcode 3.2";
			developmentRegion = English;
			hasScannedForEncodings = 0;
			knownRegions = (
				en,
				Base,
			);
			mainGroup = 59FD83581E3FDF3600366124;
			productRefGroup = 59FD83621E3FDF3600366124 /* Products */;
			projectDirPath = "";
			projectRoot = "";
			targets = (
				59FD83601E3FDF3600366124 /* CatYears */,
			);
		};
/* End PBXProject section */

/* Begin PBXResourcesBuildPhase section */
		59FD835F1E3FDF3600366124 /* Resources */ = {
			isa = PBXResourcesBuildPhase;
			buildActionMask = 2147483647;
			files = (
				59FD836F1E3FDF3600366124 /* LaunchScreen.storyboard in Resources */,
				59FD83771E3FE22300366124 /* kitty.jpg in Resources */,
				59FD836C1E3FDF3600366124 /* Assets.xcassets in Resources */,
				59FD836A1E3FDF3600366124 /* Main.storyboard in Resources */,
			);
			runOnlyForDeploymentPostprocessing = 0;
		};
/* End PBXResourcesBuildPhase section */

/* Begin PBXSourcesBuildPhase section */
		59FD835D1E3FDF3600366124 /* Sources */ = {
			isa = PBXSourcesBuildPhase;
			buildActionMask = 2147483647;
			files = (
				59FD83671E3FDF3600366124 /* ViewController.swift in Sources */,
				59FD83651E3FDF3600366124 /* AppDelegate.swift in Sources */,
			);
			runOnlyForDeploymentPostprocessing = 0;
		};
/* End PBXSourcesBuildPhase section */

/* Begin PBXVariantGroup section */
		59FD83681E3FDF3600366124 /* Main.storyboard */ = {
			isa = PBXVariantGroup;
			children = (
				59FD83691E3FDF3600366124 /* Base */,
			);
			name = Main.storyboard;
			sourceTree = "<group>";
		};
		59FD836D1E3FDF3600366124 /* LaunchScreen.storyboard */ = {
			isa = PBXVariantGroup;
			children = (
				59FD836E1E3FDF3600366124 /* Base */,
			);
			name = LaunchScreen.storyboard;
			sourceTree = "<group>";
		};
/* End PBXVariantGroup section */

/* Begin XCBuildConfiguration section */
		59FD83711E3FDF3600366124 /* Debug */ = {
			isa = XCBuildConfiguration;
			buildSettings = {
				ALWAYS_SEARCH_USER_PATHS = NO;
				CLANG_ANALYZER_NONNULL = YES;
				CLANG_CXX_LANGUAGE_STANDARD = "gnu++0x";
				CLANG_CXX_LIBRARY = "libc++";
				CLANG_ENABLE_MODULES = YES;
				CLANG_ENABLE_OBJC_ARC = YES;
				CLANG_WARN_BOOL_CONVERSION = YES;
				CLANG_WARN_CONSTANT_CONVERSION = YES;
				CLANG_WARN_DIRECT_OBJC_ISA_USAGE = YES_ERROR;
				CLANG_WARN_DOCUMENTATION_COMMENTS = YES;
				CLANG_WARN_EMPTY_BODY = YES;
				CLANG_WARN_ENUM_CONVERSION = YES;
				CLANG_WARN_INFINITE_RECURSION = YES;
				CLANG_WARN_INT_CONVERSION = YES;
				CLANG_WARN_OBJC_ROOT_CLASS = YES_ERROR;
				CLANG_WARN_SUSPICIOUS_MOVES = YES;
				CLANG_WARN_UNREACHABLE_CODE = YES;
				CLANG_WARN__DUPLICATE_METHOD_MATCH = YES;
				"CODE_SIGN_IDENTITY[sdk=iphoneos*]" = "iPhone Developer";
				COPY_PHASE_STRIP = NO;
				DEBUG_INFORMATION_FORMAT = dwarf;
				ENABLE_STRICT_OBJC_MSGSEND = YES;
				ENABLE_TESTABILITY = YES;
				GCC_C_LANGUAGE_STANDARD = gnu99;
				GCC_DYNAMIC_NO_PIC = NO;
				GCC_NO_COMMON_BLOCKS = YES;
				GCC_OPTIMIZATION_LEVEL = 0;
				GCC_PREPROCESSOR_DEFINITIONS = (
					"DEBUG=1",
					"$(inherited)",
				);
				GCC_WARN_64_TO_32_BIT_CONVERSION = YES;
				GCC_WARN_ABOUT_RETURN_TYPE = YES_ERROR;
				GCC_WARN_UNDECLARED_SELECTOR = YES;
				GCC_WARN_UNINITIALIZED_AUTOS = YES_AGGRESSIVE;
				GCC_WARN_UNUSED_FUNCTION = YES;
				GCC_WARN_UNUSED_VARIABLE = YES;
				IPHONEOS_DEPLOYMENT_TARGET = 10.1;
				MTL_ENABLE_DEBUG_INFO = YES;
				ONLY_ACTIVE_ARCH = YES;
				SDKROOT = iphoneos;
				SWIFT_ACTIVE_COMPILATION_CONDITIONS = DEBUG;
				SWIFT_OPTIMIZATION_LEVEL = "-Onone";
				TARGETED_DEVICE_FAMILY = "1,2";
			};
			name = Debug;
		};
		59FD83721E3FDF3600366124 /* Release */ = {
			isa = XCBuildConfiguration;
			buildSettings = {
				ALWAYS_SEARCH_USER_PATHS = NO;
				CLANG_ANALYZER_NONNULL = YES;
				CLANG_CXX_LANGUAGE_STANDARD = "gnu++0x";
				CLANG_CXX_LIBRARY = "libc++";
				CLANG_ENABLE_MODULES = YES;
				CLANG_ENABLE_OBJC_ARC = YES;
				CLANG_WARN_BOOL_CONVERSION = YES;
				CLANG_WARN_CONSTANT_CONVERSION = YES;
				CLANG_WARN_DIRECT_OBJC_ISA_USAGE = YES_ERROR;
				CLANG_WARN_DOCUMENTATION_COMMENTS = YES;
				CLANG_WARN_EMPTY_BODY = YES;
				CLANG_WARN_ENUM_CONVERSION = YES;
				CLANG_WARN_INFINITE_RECURSION = YES;
				CLANG_WARN_INT_CONVERSION = YES;
				CLANG_WARN_OBJC_ROOT_CLASS = YES_ERROR;
				CLANG_WARN_SUSPICIOUS_MOVES = YES;
				CLANG_WARN_UNREACHABLE_CODE = YES;
				CLANG_WARN__DUPLICATE_METHOD_MATCH = YES;
				"CODE_SIGN_IDENTITY[sdk=iphoneos*]" = "iPhone Developer";
				COPY_PHASE_STRIP = NO;
				DEBUG_INFORMATION_FORMAT = "dwarf-with-dsym";
				ENABLE_NS_ASSERTIONS = NO;
				ENABLE_STRICT_OBJC_MSGSEND = YES;
				GCC_C_LANGUAGE_STANDARD = gnu99;
				GCC_NO_COMMON_BLOCKS = YES;
				GCC_WARN_64_TO_32_BIT_CONVERSION = YES;
				GCC_WARN_ABOUT_RETURN_TYPE = YES_ERROR;
				GCC_WARN_UNDECLARED_SELECTOR = YES;
				GCC_WARN_UNINITIALIZED_AUTOS = YES_AGGRESSIVE;
				GCC_WARN_UNUSED_FUNCTION = YES;
				GCC_WARN_UNUSED_VARIABLE = YES;
				IPHONEOS_DEPLOYMENT_TARGET = 10.1;
				MTL_ENABLE_DEBUG_INFO = NO;
				SDKROOT = iphoneos;
				SWIFT_OPTIMIZATION_LEVEL = "-Owholemodule";
				TARGETED_DEVICE_FAMILY = "1,2";
				VALIDATE_PRODUCT = YES;
			};
			name = Release;
		};
		59FD83741E3FDF3600366124 /* Debug */ = {
			isa = XCBuildConfiguration;
			buildSettings = {
				ASSETCATALOG_COMPILER_APPICON_NAME = AppIcon;
				INFOPLIST_FILE = CatYears/Info.plist;
				LD_RUNPATH_SEARCH_PATHS = "$(inherited) @executable_path/Frameworks";
				PRODUCT_BUNDLE_IDENTIFIER = com.example.CatYears;
				PRODUCT_NAME = "$(TARGET_NAME)";
				SWIFT_VERSION = 3.0;
			};
			name = Debug;
		};
		59FD83751E3FDF3600366124 /* Release */ = {
			isa = XCBuildConfiguration;
			buildSettings = {
				ASSETCATALOG_COMPILER_APPICON_NAME = AppIcon;
				INFOPLIST_FILE = CatYears/Info.plist;
				LD_RUNPATH_SEARCH_PATHS = "$(inherited) @executable_path/Frameworks";
				PRODUCT_BUNDLE_IDENTIFIER = com.example.CatYears;
				PRODUCT_NAME = "$(TARGET_NAME)";
				SWIFT_VERSION = 3.0;
			};
			name = Release;
		};
/* End XCBuildConfiguration section */

/* Begin XCConfigurationList section */
		59FD835C1E3FDF3600366124 /* Build configuration list for PBXProject "CatYears" */ = {
			isa = XCConfigurationList;
			buildConfigurations = (
				59FD83711E3FDF3600366124 /* Debug */,
				59FD83721E3FDF3600366124 /* Release */,
			);
			defaultConfigurationIsVisible = 0;
			defaultConfigurationName = Release;
		};
		59FD83731E3FDF3600366124 /* Build configuration list for PBXNativeTarget "CatYears" */ = {
			isa = XCConfigurationList;
			buildConfigurations = (
				59FD83741E3FDF3600366124 /* Debug */,
				59FD83751E3FDF3600366124 /* Release */,
			);
			defaultConfigurationIsVisible = 0;
		};
/* End XCConfigurationList section */
	};
	rootObject = 59FD83591E3FDF3600366124 /* Project object */;
}
